
Microsoft Visual Studio Solution File, Format Version 10.00
# Visual Studio 2008
Project("{8BC9CEB8-8B4A-11D0-8D11-00A0C91BC942}") = "TDMBLib", "TDMBLib\TDMBLib.vcproj", "{E977DD72-F636-439D-9228-EC10DB7822F9}"
EndProject
Global
	GlobalSection(SolutionConfigurationPlatforms) = preSolution
		Debug|CE2443I (ARMV4I) = Debug|CE2443I (ARMV4I)
		Debug|project900 (ARMV4I) = Debug|project900 (ARMV4I)
		Debug|SEUIC_SDK_WINCE500_ARMV4I (ARMV4I) = Debug|SEUIC_SDK_WINCE500_ARMV4I (ARMV4I)
		Release|CE2443I (ARMV4I) = Release|CE2443I (ARMV4I)
		Release|project900 (ARMV4I) = Release|project900 (ARMV4I)
		Release|SEUIC_SDK_WINCE500_ARMV4I (ARMV4I) = Release|SEUIC_SDK_WINCE500_ARMV4I (ARMV4I)
	EndGlobalSection
	GlobalSection(ProjectConfigurationPlatforms) = postSolution
		{E977DD72-F636-439D-9228-EC10DB7822F9}.Debug|CE2443I (ARMV4I).ActiveCfg = Debug|CE2443I (ARMV4I)
		{E977DD72-F636-439D-9228-EC10DB7822F9}.Debug|CE2443I (ARMV4I).Build.0 = Debug|CE2443I (ARMV4I)
		{E977DD72-F636-439D-9228-EC10DB7822F9}.Debug|CE2443I (ARMV4I).Deploy.0 = Debug|CE2443I (ARMV4I)
		{E977DD72-F636-439D-9228-EC10DB7822F9}.Debug|project900 (ARMV4I).ActiveCfg = Debug|project900 (ARMV4I)
		{E977DD72-F636-439D-9228-EC10DB7822F9}.Debug|project900 (ARMV4I).Build.0 = Debug|project900 (ARMV4I)
		{E977DD72-F636-439D-9228-EC10DB7822F9}.Debug|project900 (ARMV4I).Deploy.0 = Debug|project900 (ARMV4I)
		{E977DD72-F636-439D-9228-EC10DB7822F9}.Debug|SEUIC_SDK_WINCE500_ARMV4I (ARMV4I).ActiveCfg = Debug|SEUIC_SDK_WINCE500_ARMV4I (ARMV4I)
		{E977DD72-F636-439D-9228-EC10DB7822F9}.Debug|SEUIC_SDK_WINCE500_ARMV4I (ARMV4I).Build.0 = Debug|SEUIC_SDK_WINCE500_ARMV4I (ARMV4I)
		{E977DD72-F636-439D-9228-EC10DB7822F9}.Debug|SEUIC_SDK_WINCE500_ARMV4I (ARMV4I).Deploy.0 = Debug|SEUIC_SDK_WINCE500_ARMV4I (ARMV4I)
		{E977DD72-F636-439D-9228-EC10DB7822F9}.Release|CE2443I (ARMV4I).ActiveCfg = Release|CE2443I (ARMV4I)
		{E977DD72-F636-439D-9228-EC10DB7822F9}.Release|CE2443I (ARMV4I).Build.0 = Release|CE2443I (ARMV4I)
		{E977DD72-F636-439D-9228-EC10DB7822F9}.Release|CE2443I (ARMV4I).Deploy.0 = Release|CE2443I (ARMV4I)
		{E977DD72-F636-439D-9228-EC10DB7822F9}.Release|project900 (ARMV4I).ActiveCfg = Release|project900 (ARMV4I)
		{E977DD72-F636-439D-9228-EC10DB7822F9}.Release|project900 (ARMV4I).Build.0 = Release|project900 (ARMV4I)
		{E977DD72-F636-439D-9228-EC10DB7822F9}.Release|project900 (ARMV4I).Deploy.0 = Release|project900 (ARMV4I)
		{E977DD72-F636-439D-9228-EC10DB7822F9}.Release|SEUIC_SDK_WINCE500_ARMV4I (ARMV4I).ActiveCfg = Release|SEUIC_SDK_WINCE500_ARMV4I (ARMV4I)
		{E977DD72-F636-439D-9228-EC10DB7822F9}.Release|SEUIC_SDK_WINCE500_ARMV4I (ARMV4I).Build.0 = Release|SEUIC_SDK_WINCE500_ARMV4I (ARMV4I)
		{E977DD72-F636-439D-9228-EC10DB7822F9}.Release|SEUIC_SDK_WINCE500_ARMV4I (ARMV4I).Deploy.0 = Release|SEUIC_SDK_WINCE500_ARMV4I (ARMV4I)
	EndGlobalSection
	GlobalSection(SolutionProperties) = preSolution
		HideSolutionNode = FALSE
	EndGlobalSection
EndGlobal
